
Microsoft Visual Studio Solution File, Format Version 12.00
# Visual Studio Version 16
VisualStudioVersion = 16.0.31911.196
MinimumVisualStudioVersion = 10.0.40219.1
Project("{FAE04EC0-301F-11D3-BF4B-00C04F79EFBC}") = "nums base", "nums base.csproj", "{18A76DD5-2D40-4F36-83EB-982BC8DD8F58}"
EndProject
Global
	GlobalSection(SolutionConfigurationPlatforms) = preSolution
		Debug|Any CPU = Debug|Any CPU
		Release|Any CPU = Release|Any CPU
	EndGlobalSection
	GlobalSection(ProjectConfigurationPlatforms) = postSolution
		{18A76DD5-2D40-4F36-83EB-982BC8DD8F58}.Debug|Any CPU.ActiveCfg = Debug|Any CPU
		{18A76DD5-2D40-4F36-83EB-982BC8DD8F58}.Debug|Any CPU.Build.0 = Debug|Any CPU
		{18A76DD5-2D40-4F36-83EB-982BC8DD8F58}.Release|Any CPU.ActiveCfg = Release|Any CPU
		{18A76DD5-2D40-4F36-83EB-982BC8DD8F58}.Release|Any CPU.Build.0 = Release|Any CPU
	EndGlobalSection
	GlobalSection(SolutionProperties) = preSolution
		HideSolutionNode = FALSE
	EndGlobalSection
	GlobalSection(ExtensibilityGlobals) = postSolution
		SolutionGuid = {48ADB1D8-90AB-41DF-A3DE-068788033F18}
	EndGlobalSection
EndGlobal
